PODS:
  - Alamofire (4.6.0)
  - Kingfisher (4.6.1)
  - MJRefresh (3.1.15.3)
  - SwiftyJSON (4.0.0)

DEPENDENCIES:
  - Alamofire
  - Kingfisher
  - MJRefresh
  - SwiftyJSON

SPEC CHECKSUMS:
  Alamofire: f41a599bd63041760b26d393ec1069d9d7b917f4
  Kingfisher: 1f9157d9c02b380cbd0b7cc890161195164eb634
  MJRefresh: b48380ae2b927b46c4ef000de9adb8dc748e1df7
  SwiftyJSON: 070dabdcb1beb81b247c65ffa3a79dbbfb3b48aa

PODFILE CHECKSUM: ed180b04b303a3c1315b5d1088ed95e80efad071

COCOAPODS: 1.4.0
