// !$*UTF8*$!
{
	archiveVersion = 1;
	classes = {
	};
	objectVersion = 48;
	objects = {

/* Begin PBXBuildFile section */
		601B439B202D61C600F924CC /* objchelper.m in Sources */ = {isa = PBXBuildFile; fileRef = 601B439A202D61C600F924CC /* objchelper.m */; };
		601B43A5202D7CEF00F924CC /* SecurityUtil.m in Sources */ = {isa = PBXBuildFile; fileRef = 601B43A0202D7CEF00F924CC /* SecurityUtil.m */; };
		601B43A6202D7CEF00F924CC /* GTMBase64.m in Sources */ = {isa = PBXBuildFile; fileRef = 601B43A2202D7CEF00F924CC /* GTMBase64.m */; settings = {COMPILER_FLAGS = "-fno-objc-arc"; }; };
		601B43A7202D7CEF00F924CC /* NSData+AES.m in Sources */ = {isa = PBXBuildFile; fileRef = 601B43A4202D7CEF00F924CC /* NSData+AES.m */; };
		6024B090203FB4940023994B /* typearticleModel.swift in Sources */ = {isa = PBXBuildFile; fileRef = 6024B08F203FB4940023994B /* typearticleModel.swift */; };
		6024B092203FB6F60023994B /* typeproductModel.swift in Sources */ = {isa = PBXBuildFile; fileRef = 6024B091203FB6F60023994B /* typeproductModel.swift */; };
		6024B094203FB8820023994B /* typeimagesModel.swift in Sources */ = {isa = PBXBuildFile; fileRef = 6024B093203FB8820023994B /* typeimagesModel.swift */; };
		6024B096203FC6470023994B /* SelectionModel.swift in Sources */ = {isa = PBXBuildFile; fileRef = 6024B095203FC6470023994B /* SelectionModel.swift */; };
		6026B818202C036900E586AB /* preuseTests.swift in Sources */ = {isa = PBXBuildFile; fileRef = 6026B817202C036900E586AB /* preuseTests.swift */; };
		6026B823202C036900E586AB /* preuseUITests.swift in Sources */ = {isa = PBXBuildFile; fileRef = 6026B822202C036900E586AB /* preuseUITests.swift */; };
		6026B83F202C08FA00E586AB /* SelectionViewController.swift in Sources */ = {isa = PBXBuildFile; fileRef = 6026B832202C08F900E586AB /* SelectionViewController.swift */; };
		6026B840202C08FA00E586AB /* MyCenterViewController.swift in Sources */ = {isa = PBXBuildFile; fileRef = 6026B834202C08FA00E586AB /* MyCenterViewController.swift */; };
		6026B841202C08FA00E586AB /* JewerlyViewController.swift in Sources */ = {isa = PBXBuildFile; fileRef = 6026B836202C08FA00E586AB /* JewerlyViewController.swift */; };
		6026B843202C08FA00E586AB /* ROOTViewController.swift in Sources */ = {isa = PBXBuildFile; fileRef = 6026B839202C08FA00E586AB /* ROOTViewController.swift */; };
		6026B844202C08FA00E586AB /* AppDelegate.swift in Sources */ = {isa = PBXBuildFile; fileRef = 6026B83A202C08FA00E586AB /* AppDelegate.swift */; };
		6026B845202C08FA00E586AB /* ROOTNAVController.swift in Sources */ = {isa = PBXBuildFile; fileRef = 6026B83B202C08FA00E586AB /* ROOTNAVController.swift */; };
		6026B847202C08FA00E586AB /* BBSViewController.swift in Sources */ = {isa = PBXBuildFile; fileRef = 6026B83E202C08FA00E586AB /* BBSViewController.swift */; };
		6026B84D202C094400E586AB /* Default-568h@2x.png in Resources */ = {isa = PBXBuildFile; fileRef = 6026B849202C094000E586AB /* Default-568h@2x.png */; };
		6026B84E202C094400E586AB /* Default-736h@3x.png in Resources */ = {isa = PBXBuildFile; fileRef = 6026B84A202C094000E586AB /* Default-736h@3x.png */; };
		6026B84F202C094400E586AB /* images.xcassets in Resources */ = {isa = PBXBuildFile; fileRef = 6026B84B202C094300E586AB /* images.xcassets */; };
		6026B850202C094400E586AB /* Default-667h@2x.png in Resources */ = {isa = PBXBuildFile; fileRef = 6026B84C202C094400E586AB /* Default-667h@2x.png */; };
		6026B857202C2B2700E586AB /* SwiftyJSON.framework in Frameworks */ = {isa = PBXBuildFile; fileRef = 6026B858202C2B2700E586AB /* SwiftyJSON.framework */; };
		6026B85D202C2B3700E586AB /* Kingfisher.framework in Frameworks */ = {isa = PBXBuildFile; fileRef = 6026B85E202C2B3700E586AB /* Kingfisher.framework */; };
		6026B876202C40D000E586AB /* APIConstant.swift in Sources */ = {isa = PBXBuildFile; fileRef = 6026B875202C40D000E586AB /* APIConstant.swift */; };
		6026B879202C472D00E586AB /* Alamofire.framework in Frameworks */ = {isa = PBXBuildFile; fileRef = 6026B87A202C472D00E586AB /* Alamofire.framework */; };
		6026B88A202C595300E586AB /* AFNTool.swift in Sources */ = {isa = PBXBuildFile; fileRef = 6026B889202C595300E586AB /* AFNTool.swift */; };
		607A7F17203E669400EB58F9 /* ArticleModel.swift in Sources */ = {isa = PBXBuildFile; fileRef = 607A7F16203E669400EB58F9 /* ArticleModel.swift */; };
		607A7F18203E792C00EB58F9 /* MJRefresh.framework in Frameworks */ = {isa = PBXBuildFile; fileRef = 607A7F19203E792C00EB58F9 /* MJRefresh.framework */; };
		607A7F1C203E98B900EB58F9 /* JewerlyTableViewCell.swift in Sources */ = {isa = PBXBuildFile; fileRef = 607A7F1B203E98B900EB58F9 /* JewerlyTableViewCell.swift */; };
		F902A2CD322A22447A06154F /* Pods_preuse.framework in Frameworks */ = {isa = PBXBuildFile; fileRef = C0F4D631430589B375B3AEC0 /* Pods_preuse.framework */; };
/* End PBXBuildFile section */

/* Begin PBXContainerItemProxy section */
		6026B814202C036900E586AB /* PBXContainerItemProxy */ = {
			isa = PBXContainerItemProxy;
			containerPortal = 6026B7F7202C036900E586AB /* Project object */;
			proxyType = 1;
			remoteGlobalIDString = 6026B7FE202C036900E586AB;
			remoteInfo = preuse;
		};
		6026B81F202C036900E586AB /* PBXContainerItemProxy */ = {
			isa = PBXContainerItemProxy;
			containerPortal = 6026B7F7202C036900E586AB /* Project object */;
			proxyType = 1;
			remoteGlobalIDString = 6026B7FE202C036900E586AB;
			remoteInfo = preuse;
		};
/* End PBXContainerItemProxy section */

/* Begin PBXFileReference section */
		601B4399202D61C600F924CC /* objchelper.h */ = {isa = PBXFileReference; lastKnownFileType = sourcecode.c.h; path = objchelper.h; sourceTree = "<group>"; };
		601B439A202D61C600F924CC /* objchelper.m */ = {isa = PBXFileReference; lastKnownFileType = sourcecode.c.objc; path = objchelper.m; sourceTree = "<group>"; };
		601B439D202D7CEF00F924CC /* NSData+AES.h */ = {isa = PBXFileReference; fileEncoding = 4; lastKnownFileType = sourcecode.c.h; path = "NSData+AES.h"; sourceTree = "<group>"; };
		601B439F202D7CEF00F924CC /* GTMBase64.h */ = {isa = PBXFileReference; fileEncoding = 4; lastKnownFileType = sourcecode.c.h; path = GTMBase64.h; sourceTree = "<group>"; };
		601B43A0202D7CEF00F924CC /* SecurityUtil.m */ = {isa = PBXFileReference; fileEncoding = 4; lastKnownFileType = sourcecode.c.objc; path = SecurityUtil.m; sourceTree = "<group>"; };
		601B43A1202D7CEF00F924CC /* GTMDefines.h */ = {isa = PBXFileReference; fileEncoding = 4; lastKnownFileType = sourcecode.c.h; path = GTMDefines.h; sourceTree = "<group>"; };
		601B43A2202D7CEF00F924CC /* GTMBase64.m */ = {isa = PBXFileReference; fileEncoding = 4; lastKnownFileType = sourcecode.c.objc; path = GTMBase64.m; sourceTree = "<group>"; };
		601B43A3202D7CEF00F924CC /* SecurityUtil.h */ = {isa = PBXFileReference; fileEncoding = 4; lastKnownFileType = sourcecode.c.h; path = SecurityUtil.h; sourceTree = "<group>"; };
		601B43A4202D7CEF00F924CC /* NSData+AES.m */ = {isa = PBXFileReference; fileEncoding = 4; lastKnownFileType = sourcecode.c.objc; path = "NSData+AES.m"; sourceTree = "<group>"; };
		6024B08F203FB4940023994B /* typearticleModel.swift */ = {isa = PBXFileReference; lastKnownFileType = sourcecode.swift; path = typearticleModel.swift; sourceTree = "<group>"; };
		6024B091203FB6F60023994B /* typeproductModel.swift */ = {isa = PBXFileReference; lastKnownFileType = sourcecode.swift; path = typeproductModel.swift; sourceTree = "<group>"; };
		6024B093203FB8820023994B /* typeimagesModel.swift */ = {isa = PBXFileReference; lastKnownFileType = sourcecode.swift; path = typeimagesModel.swift; sourceTree = "<group>"; };
		6024B095203FC6470023994B /* SelectionModel.swift */ = {isa = PBXFileReference; lastKnownFileType = sourcecode.swift; path = SelectionModel.swift; sourceTree = "<group>"; };
		6026B7FF202C036900E586AB /* preuse.app */ = {isa = PBXFileReference; explicitFileType = wrapper.application; includeInIndex = 0; path = preuse.app; sourceTree = BUILT_PRODUCTS_DIR; };
		6026B813202C036900E586AB /* preuseTests.xctest */ = {isa = PBXFileReference; explicitFileType = wrapper.cfbundle; includeInIndex = 0; path = preuseTests.xctest; sourceTree = BUILT_PRODUCTS_DIR; };
		6026B817202C036900E586AB /* preuseTests.swift */ = {isa = PBXFileReference; lastKnownFileType = sourcecode.swift; path = preuseTests.swift; sourceTree = "<group>"; };
		6026B819202C036900E586AB /* Info.plist */ = {isa = PBXFileReference; lastKnownFileType = text.plist.xml; path = Info.plist; sourceTree = "<group>"; };
		6026B81E202C036900E586AB /* preuseUITests.xctest */ = {isa = PBXFileReference; explicitFileType = wrapper.cfbundle; includeInIndex = 0; path = preuseUITests.xctest; sourceTree = BUILT_PRODUCTS_DIR; };
		6026B822202C036900E586AB /* preuseUITests.swift */ = {isa = PBXFileReference; lastKnownFileType = sourcecode.swift; path = preuseUITests.swift; sourceTree = "<group>"; };
		6026B824202C036900E586AB /* Info.plist */ = {isa = PBXFileReference; lastKnownFileType = text.plist.xml; path = Info.plist; sourceTree = "<group>"; };
		6026B832202C08F900E586AB /* SelectionViewController.swift */ = {isa = PBXFileReference; fileEncoding = 4; lastKnownFileType = sourcecode.swift; path = SelectionViewController.swift; sourceTree = "<group>"; };
		6026B834202C08FA00E586AB /* MyCenterViewController.swift */ = {isa = PBXFileReference; fileEncoding = 4; lastKnownFileType = sourcecode.swift; path = MyCenterViewController.swift; sourceTree = "<group>"; };
		6026B836202C08FA00E586AB /* JewerlyViewController.swift */ = {isa = PBXFileReference; fileEncoding = 4; lastKnownFileType = sourcecode.swift; path = JewerlyViewController.swift; sourceTree = "<group>"; };
		6026B839202C08FA00E586AB /* ROOTViewController.swift */ = {isa = PBXFileReference; fileEncoding = 4; lastKnownFileType = sourcecode.swift; path = ROOTViewController.swift; sourceTree = "<group>"; };
		6026B83A202C08FA00E586AB /* AppDelegate.swift */ = {isa = PBXFileReference; fileEncoding = 4; lastKnownFileType = sourcecode.swift; path = AppDelegate.swift; sourceTree = "<group>"; };
		6026B83B202C08FA00E586AB /* ROOTNAVController.swift */ = {isa = PBXFileReference; fileEncoding = 4; lastKnownFileType = sourcecode.swift; path = ROOTNAVController.swift; sourceTree = "<group>"; };
		6026B83C202C08FA00E586AB /* Info.plist */ = {isa = PBXFileReference; fileEncoding = 4; lastKnownFileType = text.plist.xml; path = Info.plist; sourceTree = "<group>"; };
		6026B83E202C08FA00E586AB /* BBSViewController.swift */ = {isa = PBXFileReference; fileEncoding = 4; lastKnownFileType = sourcecode.swift; path = BBSViewController.swift; sourceTree = "<group>"; };
		6026B849202C094000E586AB /* Default-568h@2x.png */ = {isa = PBXFileReference; lastKnownFileType = image.png; path = "Default-568h@2x.png"; sourceTree = "<group>"; };
		6026B84A202C094000E586AB /* Default-736h@3x.png */ = {isa = PBXFileReference; lastKnownFileType = image.png; path = "Default-736h@3x.png"; sourceTree = "<group>"; };
		6026B84B202C094300E586AB /* images.xcassets */ = {isa = PBXFileReference; lastKnownFileType = folder.assetcatalog; path = images.xcassets; sourceTree = "<group>"; };
		6026B84C202C094400E586AB /* Default-667h@2x.png */ = {isa = PBXFileReference; lastKnownFileType = image.png; path = "Default-667h@2x.png"; sourceTree = "<group>"; };
		6026B854202C2B1B00E586AB /* Alamofire.framework */ = {isa = PBXFileReference; explicitFileType = wrapper.framework; path = Alamofire.framework; sourceTree = BUILT_PRODUCTS_DIR; };
		6026B856202C2B2200E586AB /* GTMBase64.framework */ = {isa = PBXFileReference; explicitFileType = wrapper.framework; path = GTMBase64.framework; sourceTree = BUILT_PRODUCTS_DIR; };
		6026B858202C2B2700E586AB /* SwiftyJSON.framework */ = {isa = PBXFileReference; explicitFileType = wrapper.framework; path = SwiftyJSON.framework; sourceTree = BUILT_PRODUCTS_DIR; };
		6026B85A202C2B2E00E586AB /* AES128Helper.framework */ = {isa = PBXFileReference; explicitFileType = wrapper.framework; path = AES128Helper.framework; sourceTree = BUILT_PRODUCTS_DIR; };
		6026B85C202C2B3300E586AB /* DGElasticPullToRefresh.framework */ = {isa = PBXFileReference; explicitFileType = wrapper.framework; path = DGElasticPullToRefresh.framework; sourceTree = BUILT_PRODUCTS_DIR; };
		6026B85E202C2B3700E586AB /* Kingfisher.framework */ = {isa = PBXFileReference; explicitFileType = wrapper.framework; path = Kingfisher.framework; sourceTree = BUILT_PRODUCTS_DIR; };
		6026B875202C40D000E586AB /* APIConstant.swift */ = {isa = PBXFileReference; fileEncoding = 4; lastKnownFileType = sourcecode.swift; path = APIConstant.swift; sourceTree = "<group>"; };
		6026B87A202C472D00E586AB /* Alamofire.framework */ = {isa = PBXFileReference; explicitFileType = wrapper.framework; path = Alamofire.framework; sourceTree = BUILT_PRODUCTS_DIR; };
		6026B887202C585100E586AB /* libapple_crypto.tbd */ = {isa = PBXFileReference; lastKnownFileType = "sourcecode.text-based-dylib-definition"; name = libapple_crypto.tbd; path = usr/lib/libapple_crypto.tbd; sourceTree = SDKROOT; };
		6026B889202C595300E586AB /* AFNTool.swift */ = {isa = PBXFileReference; lastKnownFileType = sourcecode.swift; path = AFNTool.swift; sourceTree = "<group>"; };
		6026B897202C5BAD00E586AB /* OBJCHeader.h */ = {isa = PBXFileReference; lastKnownFileType = sourcecode.c.h; path = OBJCHeader.h; sourceTree = "<group>"; };
		607A7F16203E669400EB58F9 /* ArticleModel.swift */ = {isa = PBXFileReference; lastKnownFileType = sourcecode.swift; path = ArticleModel.swift; sourceTree = "<group>"; };
		607A7F19203E792C00EB58F9 /* MJRefresh.framework */ = {isa = PBXFileReference; explicitFileType = wrapper.framework; path = MJRefresh.framework; sourceTree = BUILT_PRODUCTS_DIR; };
		607A7F1B203E98B900EB58F9 /* JewerlyTableViewCell.swift */ = {isa = PBXFileReference; lastKnownFileType = sourcecode.swift; path = JewerlyTableViewCell.swift; sourceTree = "<group>"; };
		694A38AAB1703B59337C358F /* Pods-preuse.release.xcconfig */ = {isa = PBXFileReference; includeInIndex = 1; lastKnownFileType = text.xcconfig; name = "Pods-preuse.release.xcconfig"; path = "Pods/Target Support Files/Pods-preuse/Pods-preuse.release.xcconfig"; sourceTree = "<group>"; };
		70C6911664FB94BA3822F79F /* Pods-preuse.debug.xcconfig */ = {isa = PBXFileReference; includeInIndex = 1; lastKnownFileType = text.xcconfig; name = "Pods-preuse.debug.xcconfig"; path = "Pods/Target Support Files/Pods-preuse/Pods-preuse.debug.xcconfig"; sourceTree = "<group>"; };
		C0F4D631430589B375B3AEC0 /* Pods_preuse.framework */ = {isa = PBXFileReference; explicitFileType = wrapper.framework; includeInIndex = 0; path = Pods_preuse.framework; sourceTree = BUILT_PRODUCTS_DIR; };
/* End PBXFileReference section */

/* Begin PBXFrameworksBuildPhase section */
		6026B7FC202C036900E586AB /* Frameworks */ = {
			isa = PBXFrameworksBuildPhase;
			buildActionMask = 2147483647;
			files = (
				607A7F18203E792C00EB58F9 /* MJRefresh.framework in Frameworks */,
				6026B879202C472D00E586AB /* Alamofire.framework in Frameworks */,
				6026B85D202C2B3700E586AB /* Kingfisher.framework in Frameworks */,
				6026B857202C2B2700E586AB /* SwiftyJSON.framework in Frameworks */,
				F902A2CD322A22447A06154F /* Pods_preuse.framework in Frameworks */,
			);
			runOnlyForDeploymentPostprocessing = 0;
		};
		6026B810202C036900E586AB /* Frameworks */ = {
			isa = PBXFrameworksBuildPhase;
			buildActionMask = 2147483647;
			files = (
			);
			runOnlyForDeploymentPostprocessing = 0;
		};
		6026B81B202C036900E586AB /* Frameworks */ = {
			isa = PBXFrameworksBuildPhase;
			buildActionMask = 2147483647;
			files = (
			);
			runOnlyForDeploymentPostprocessing = 0;
		};
/* End PBXFrameworksBuildPhase section */

/* Begin PBXGroup section */
		01E1064E5FB19CB3D71EAD19 /* Pods */ = {
			isa = PBXGroup;
			children = (
				70C6911664FB94BA3822F79F /* Pods-preuse.debug.xcconfig */,
				694A38AAB1703B59337C358F /* Pods-preuse.release.xcconfig */,
			);
			name = Pods;
			sourceTree = "<group>";
		};
		1660E730BB1333AFEBAA1810 /* Frameworks */ = {
			isa = PBXGroup;
			children = (
				607A7F19203E792C00EB58F9 /* MJRefresh.framework */,
				6026B887202C585100E586AB /* libapple_crypto.tbd */,
				6026B87A202C472D00E586AB /* Alamofire.framework */,
				6026B85E202C2B3700E586AB /* Kingfisher.framework */,
				6026B85C202C2B3300E586AB /* DGElasticPullToRefresh.framework */,
				6026B85A202C2B2E00E586AB /* AES128Helper.framework */,
				6026B858202C2B2700E586AB /* SwiftyJSON.framework */,
				6026B856202C2B2200E586AB /* GTMBase64.framework */,
				6026B854202C2B1B00E586AB /* Alamofire.framework */,
				C0F4D631430589B375B3AEC0 /* Pods_preuse.framework */,
			);
			name = Frameworks;
			sourceTree = "<group>";
		};
		601B439C202D7CEF00F924CC /* AES的副本 */ = {
			isa = PBXGroup;
			children = (
				601B439D202D7CEF00F924CC /* NSData+AES.h */,
				601B439E202D7CEF00F924CC /* GTMBase64 */,
				601B43A4202D7CEF00F924CC /* NSData+AES.m */,
			);
			path = "AES的副本";
			sourceTree = "<group>";
		};
		601B439E202D7CEF00F924CC /* GTMBase64 */ = {
			isa = PBXGroup;
			children = (
				601B439F202D7CEF00F924CC /* GTMBase64.h */,
				601B43A0202D7CEF00F924CC /* SecurityUtil.m */,
				601B43A1202D7CEF00F924CC /* GTMDefines.h */,
				601B43A2202D7CEF00F924CC /* GTMBase64.m */,
				601B43A3202D7CEF00F924CC /* SecurityUtil.h */,
			);
			path = GTMBase64;
			sourceTree = "<group>";
		};
		6026B7F6202C036900E586AB = {
			isa = PBXGroup;
			children = (
				6026B801202C036900E586AB /* preuse */,
				6026B816202C036900E586AB /* preuseTests */,
				6026B821202C036900E586AB /* preuseUITests */,
				6026B800202C036900E586AB /* Products */,
				01E1064E5FB19CB3D71EAD19 /* Pods */,
				1660E730BB1333AFEBAA1810 /* Frameworks */,
			);
			sourceTree = "<group>";
		};
		6026B800202C036900E586AB /* Products */ = {
			isa = PBXGroup;
			children = (
				6026B7FF202C036900E586AB /* preuse.app */,
				6026B813202C036900E586AB /* preuseTests.xctest */,
				6026B81E202C036900E586AB /* preuseUITests.xctest */,
			);
			name = Products;
			sourceTree = "<group>";
		};
		6026B801202C036900E586AB /* preuse */ = {
			isa = PBXGroup;
			children = (
				6026B835202C08FA00E586AB /* 首页 */,
				6026B831202C08F900E586AB /* 选珠宝 */,
				6026B83D202C08FA00E586AB /* 论坛 */,
				6026B833202C08FA00E586AB /* 我的 */,
				6026B848202C093900E586AB /* others */,
				6026B837202C08FA00E586AB /* main */,
			);
			path = preuse;
			sourceTree = "<group>";
		};
		6026B816202C036900E586AB /* preuseTests */ = {
			isa = PBXGroup;
			children = (
				6026B817202C036900E586AB /* preuseTests.swift */,
				6026B819202C036900E586AB /* Info.plist */,
			);
			path = preuseTests;
			sourceTree = "<group>";
		};
		6026B821202C036900E586AB /* preuseUITests */ = {
			isa = PBXGroup;
			children = (
				6026B822202C036900E586AB /* preuseUITests.swift */,
				6026B824202C036900E586AB /* Info.plist */,
			);
			path = preuseUITests;
			sourceTree = "<group>";
		};
		6026B831202C08F900E586AB /* 选珠宝 */ = {
			isa = PBXGroup;
			children = (
				607A7F0E203E646E00EB58F9 /* C */,
				607A7F0D203E646A00EB58F9 /* V */,
				607A7F0C203E646600EB58F9 /* M */,
			);
			path = "选珠宝";
			sourceTree = "<group>";
		};
		6026B833202C08FA00E586AB /* 我的 */ = {
			isa = PBXGroup;
			children = (
				607A7F14203E648800EB58F9 /* C */,
				607A7F13203E648500EB58F9 /* V */,
				607A7F12203E648100EB58F9 /* M */,
			);
			path = "我的";
			sourceTree = "<group>";
		};
		6026B835202C08FA00E586AB /* 首页 */ = {
			isa = PBXGroup;
			children = (
				607A7F0B203E63B200EB58F9 /* C */,
				607A7F0A203E63AC00EB58F9 /* V */,
				607A7F09203E63A700EB58F9 /* M */,
			);
			path = "首页";
			sourceTree = "<group>";
		};
		6026B837202C08FA00E586AB /* main */ = {
			isa = PBXGroup;
			children = (
				6026B875202C40D000E586AB /* APIConstant.swift */,
				6026B839202C08FA00E586AB /* ROOTViewController.swift */,
				6026B83A202C08FA00E586AB /* AppDelegate.swift */,
				6026B83B202C08FA00E586AB /* ROOTNAVController.swift */,
				6026B83C202C08FA00E586AB /* Info.plist */,
				6026B889202C595300E586AB /* AFNTool.swift */,
			);
			path = main;
			sourceTree = "<group>";
		};
		6026B83D202C08FA00E586AB /* 论坛 */ = {
			isa = PBXGroup;
			children = (
				607A7F11203E647B00EB58F9 /* C */,
				607A7F10203E647800EB58F9 /* V */,
				607A7F0F203E647300EB58F9 /* M */,
			);
			path = "论坛";
			sourceTree = "<group>";
		};
		6026B848202C093900E586AB /* others */ = {
			isa = PBXGroup;
			children = (
				601B439C202D7CEF00F924CC /* AES的副本 */,
				6026B849202C094000E586AB /* Default-568h@2x.png */,
				6026B84C202C094400E586AB /* Default-667h@2x.png */,
				6026B84A202C094000E586AB /* Default-736h@3x.png */,
				6026B84B202C094300E586AB /* images.xcassets */,
				6026B897202C5BAD00E586AB /* OBJCHeader.h */,
				601B4399202D61C600F924CC /* objchelper.h */,
				601B439A202D61C600F924CC /* objchelper.m */,
			);
			path = others;
			sourceTree = "<group>";
		};
		607A7F09203E63A700EB58F9 /* M */ = {
			isa = PBXGroup;
			children = (
				607A7F16203E669400EB58F9 /* ArticleModel.swift */,
				6024B08F203FB4940023994B /* typearticleModel.swift */,
				6024B091203FB6F60023994B /* typeproductModel.swift */,
				6024B093203FB8820023994B /* typeimagesModel.swift */,
			);
			path = M;
			sourceTree = "<group>";
		};
		607A7F0A203E63AC00EB58F9 /* V */ = {
			isa = PBXGroup;
			children = (
				607A7F1B203E98B900EB58F9 /* JewerlyTableViewCell.swift */,
			);
			path = V;
			sourceTree = "<group>";
		};
		607A7F0B203E63B200EB58F9 /* C */ = {
			isa = PBXGroup;
			children = (
				6026B836202C08FA00E586AB /* JewerlyViewController.swift */,
			);
			path = C;
			sourceTree = "<group>";
		};
		607A7F0C203E646600EB58F9 /* M */ = {
			isa = PBXGroup;
			children = (
				6024B095203FC6470023994B /* SelectionModel.swift */,
			);
			path = M;
			sourceTree = "<group>";
		};
		607A7F0D203E646A00EB58F9 /* V */ = {
			isa = PBXGroup;
			children = (
			);
			path = V;
			sourceTree = "<group>";
		};
		607A7F0E203E646E00EB58F9 /* C */ = {
			isa = PBXGroup;
			children = (
				6026B832202C08F900E586AB /* SelectionViewController.swift */,
			);
			path = C;
			sourceTree = "<group>";
		};
		607A7F0F203E647300EB58F9 /* M */ = {
			isa = PBXGroup;
			children = (
			);
			path = M;
			sourceTree = "<group>";
		};
		607A7F10203E647800EB58F9 /* V */ = {
			isa = PBXGroup;
			children = (
			);
			path = V;
			sourceTree = "<group>";
		};
		607A7F11203E647B00EB58F9 /* C */ = {
			isa = PBXGroup;
			children = (
				6026B83E202C08FA00E586AB /* BBSViewController.swift */,
			);
			path = C;
			sourceTree = "<group>";
		};
		607A7F12203E648100EB58F9 /* M */ = {
			isa = PBXGroup;
			children = (
			);
			path = M;
			sourceTree = "<group>";
		};
		607A7F13203E648500EB58F9 /* V */ = {
			isa = PBXGroup;
			children = (
			);
			path = V;
			sourceTree = "<group>";
		};
		607A7F14203E648800EB58F9 /* C */ = {
			isa = PBXGroup;
			children = (
				6026B834202C08FA00E586AB /* MyCenterViewController.swift */,
			);
			path = C;
			sourceTree = "<group>";
		};
/* End PBXGroup section */

/* Begin PBXNativeTarget section */
		6026B7FE202C036900E586AB /* preuse */ = {
			isa = PBXNativeTarget;
			buildConfigurationList = 6026B827202C036900E586AB /* Build configuration list for PBXNativeTarget "preuse" */;
			buildPhases = (
				42A43547DB1A64DCF56DB42C /* [CP] Check Pods Manifest.lock */,
				6026B7FB202C036900E586AB /* Sources */,
				6026B7FC202C036900E586AB /* Frameworks */,
				6026B7FD202C036900E586AB /* Resources */,
				C85A46C97DB556560894FA31 /* [CP] Embed Pods Frameworks */,
				CA3F28348FD922FCDDC177B8 /* [CP] Copy Pods Resources */,
			);
			buildRules = (
			);
			dependencies = (
			);
			name = preuse;
			productName = preuse;
			productReference = 6026B7FF202C036900E586AB /* preuse.app */;
			productType = "com.apple.product-type.application";
		};
		6026B812202C036900E586AB /* preuseTests */ = {
			isa = PBXNativeTarget;
			buildConfigurationList = 6026B82A202C036900E586AB /* Build configuration list for PBXNativeTarget "preuseTests" */;
			buildPhases = (
				6026B80F202C036900E586AB /* Sources */,
				6026B810202C036900E586AB /* Frameworks */,
				6026B811202C036900E586AB /* Resources */,
			);
			buildRules = (
			);
			dependencies = (
				6026B815202C036900E586AB /* PBXTargetDependency */,
			);
			name = preuseTests;
			productName = preuseTests;
			productReference = 6026B813202C036900E586AB /* preuseTests.xctest */;
			productType = "com.apple.product-type.bundle.unit-test";
		};
		6026B81D202C036900E586AB /* preuseUITests */ = {
			isa = PBXNativeTarget;
			buildConfigurationList = 6026B82D202C036900E586AB /* Build configuration list for PBXNativeTarget "preuseUITests" */;
			buildPhases = (
				6026B81A202C036900E586AB /* Sources */,
				6026B81B202C036900E586AB /* Frameworks */,
				6026B81C202C036900E586AB /* Resources */,
			);
			buildRules = (
			);
			dependencies = (
				6026B820202C036900E586AB /* PBXTargetDependency */,
			);
			name = preuseUITests;
			productName = preuseUITests;
			productReference = 6026B81E202C036900E586AB /* preuseUITests.xctest */;
			productType = "com.apple.product-type.bundle.ui-testing";
		};
/* End PBXNativeTarget section */

/* Begin PBXProject section */
		6026B7F7202C036900E586AB /* Project object */ = {
			isa = PBXProject;
			attributes = {
				LastSwiftUpdateCheck = 0920;
				LastUpgradeCheck = 0920;
				ORGANIZATIONNAME = HYZ;
				TargetAttributes = {
					6026B7FE202C036900E586AB = {
						CreatedOnToolsVersion = 9.2;
						ProvisioningStyle = Automatic;
					};
					6026B812202C036900E586AB = {
						CreatedOnToolsVersion = 9.2;
						ProvisioningStyle = Automatic;
						TestTargetID = 6026B7FE202C036900E586AB;
					};
					6026B81D202C036900E586AB = {
						CreatedOnToolsVersion = 9.2;
						ProvisioningStyle = Automatic;
						TestTargetID = 6026B7FE202C036900E586AB;
					};
				};
			};
			buildConfigurationList = 6026B7FA202C036900E586AB /* Build configuration list for PBXProject "preuse" */;
			compatibilityVersion = "Xcode 8.0";
			developmentRegion = en;
			hasScannedForEncodings = 0;
			knownRegions = (
				en,
				Base,
			);
			mainGroup = 6026B7F6202C036900E586AB;
			productRefGroup = 6026B800202C036900E586AB /* Products */;
			projectDirPath = "";
			projectRoot = "";
			targets = (
				6026B7FE202C036900E586AB /* preuse */,
				6026B812202C036900E586AB /* preuseTests */,
				6026B81D202C036900E586AB /* preuseUITests */,
			);
		};
/* End PBXProject section */

/* Begin PBXResourcesBuildPhase section */
		6026B7FD202C036900E586AB /* Resources */ = {
			isa = PBXResourcesBuildPhase;
			buildActionMask = 2147483647;
			files = (
				6026B84F202C094400E586AB /* images.xcassets in Resources */,
				6026B84D202C094400E586AB /* Default-568h@2x.png in Resources */,
				6026B84E202C094400E586AB /* Default-736h@3x.png in Resources */,
				6026B850202C094400E586AB /* Default-667h@2x.png in Resources */,
			);
			runOnlyForDeploymentPostprocessing = 0;
		};
		6026B811202C036900E586AB /* Resources */ = {
			isa = PBXResourcesBuildPhase;
			buildActionMask = 2147483647;
			files = (
			);
			runOnlyForDeploymentPostprocessing = 0;
		};
		6026B81C202C036900E586AB /* Resources */ = {
			isa = PBXResourcesBuildPhase;
			buildActionMask = 2147483647;
			files = (
			);
			runOnlyForDeploymentPostprocessing = 0;
		};
/* End PBXResourcesBuildPhase section */

/* Begin PBXShellScriptBuildPhase section */
		42A43547DB1A64DCF56DB42C /* [CP] Check Pods Manifest.lock */ = {
			isa = PBXShellScriptBuildPhase;
			buildActionMask = 2147483647;
			files = (
			);
			inputPaths = (
				"${PODS_PODFILE_DIR_PATH}/Podfile.lock",
				"${PODS_ROOT}/Manifest.lock",
			);
			name = "[CP] Check Pods Manifest.lock";
			outputPaths = (
				"$(DERIVED_FILE_DIR)/Pods-preuse-checkManifestLockResult.txt",
			);
			runOnlyForDeploymentPostprocessing = 0;
			shellPath = /bin/sh;
			shellScript = "diff \"${PODS_PODFILE_DIR_PATH}/Podfile.lock\" \"${PODS_ROOT}/Manifest.lock\" > /dev/null\nif [ $? != 0 ] ; then\n    # print error to STDERR\n    echo \"error: The sandbox is not in sync with the Podfile.lock. Run 'pod install' or update your CocoaPods installation.\" >&2\n    exit 1\nfi\n# This output is used by Xcode 'outputs' to avoid re-running this script phase.\necho \"SUCCESS\" > \"${SCRIPT_OUTPUT_FILE_0}\"\n";
			showEnvVarsInLog = 0;
		};
		C85A46C97DB556560894FA31 /* [CP] Embed Pods Frameworks */ = {
			isa = PBXShellScriptBuildPhase;
			buildActionMask = 2147483647;
			files = (
			);
			inputPaths = (
				"${SRCROOT}/Pods/Target Support Files/Pods-preuse/Pods-preuse-frameworks.sh",
				"${BUILT_PRODUCTS_DIR}/Alamofire/Alamofire.framework",
				"${BUILT_PRODUCTS_DIR}/Kingfisher/Kingfisher.framework",
				"${BUILT_PRODUCTS_DIR}/MJRefresh/MJRefresh.framework",
				"${BUILT_PRODUCTS_DIR}/SwiftyJSON/SwiftyJSON.framework",
			);
			name = "[CP] Embed Pods Frameworks";
			outputPaths = (
				"${TARGET_BUILD_DIR}/${FRAMEWORKS_FOLDER_PATH}/Alamofire.framework",
				"${TARGET_BUILD_DIR}/${FRAMEWORKS_FOLDER_PATH}/Kingfisher.framework",
				"${TARGET_BUILD_DIR}/${FRAMEWORKS_FOLDER_PATH}/MJRefresh.framework",
				"${TARGET_BUILD_DIR}/${FRAMEWORKS_FOLDER_PATH}/SwiftyJSON.framework",
			);
			runOnlyForDeploymentPostprocessing = 0;
			shellPath = /bin/sh;
			shellScript = "\"${SRCROOT}/Pods/Target Support Files/Pods-preuse/Pods-preuse-frameworks.sh\"\n";
			showEnvVarsInLog = 0;
		};
		CA3F28348FD922FCDDC177B8 /* [CP] Copy Pods Resources */ = {
			isa = PBXShellScriptBuildPhase;
			buildActionMask = 2147483647;
			files = (
			);
			inputPaths = (
			);
			name = "[CP] Copy Pods Resources";
			outputPaths = (
			);
			runOnlyForDeploymentPostprocessing = 0;
			shellPath = /bin/sh;
			shellScript = "\"${SRCROOT}/Pods/Target Support Files/Pods-preuse/Pods-preuse-resources.sh\"\n";
			showEnvVarsInLog = 0;
		};
/* End PBXShellScriptBuildPhase section */

/* Begin PBXSourcesBuildPhase section */
		6026B7FB202C036900E586AB /* Sources */ = {
			isa = PBXSourcesBuildPhase;
			buildActionMask = 2147483647;
			files = (
				601B43A5202D7CEF00F924CC /* SecurityUtil.m in Sources */,
				6026B847202C08FA00E586AB /* BBSViewController.swift in Sources */,
				6026B844202C08FA00E586AB /* AppDelegate.swift in Sources */,
				6026B876202C40D000E586AB /* APIConstant.swift in Sources */,
				6024B096203FC6470023994B /* SelectionModel.swift in Sources */,
				607A7F1C203E98B900EB58F9 /* JewerlyTableViewCell.swift in Sources */,
				6024B094203FB8820023994B /* typeimagesModel.swift in Sources */,
				601B439B202D61C600F924CC /* objchelper.m in Sources */,
				6026B88A202C595300E586AB /* AFNTool.swift in Sources */,
				6026B83F202C08FA00E586AB /* SelectionViewController.swift in Sources */,
				6024B090203FB4940023994B /* typearticleModel.swift in Sources */,
				601B43A6202D7CEF00F924CC /* GTMBase64.m in Sources */,
				6026B841202C08FA00E586AB /* JewerlyViewController.swift in Sources */,
				6024B092203FB6F60023994B /* typeproductModel.swift in Sources */,
				6026B843202C08FA00E586AB /* ROOTViewController.swift in Sources */,
				6026B840202C08FA00E586AB /* MyCenterViewController.swift in Sources */,
				601B43A7202D7CEF00F924CC /* NSData+AES.m in Sources */,
				607A7F17203E669400EB58F9 /* ArticleModel.swift in Sources */,
				6026B845202C08FA00E586AB /* ROOTNAVController.swift in Sources */,
			);
			runOnlyForDeploymentPostprocessing = 0;
		};
		6026B80F202C036900E586AB /* Sources */ = {
			isa = PBXSourcesBuildPhase;
			buildActionMask = 2147483647;
			files = (
				6026B818202C036900E586AB /* preuseTests.swift in Sources */,
			);
			runOnlyForDeploymentPostprocessing = 0;
		};
		6026B81A202C036900E586AB /* Sources */ = {
			isa = PBXSourcesBuildPhase;
			buildActionMask = 2147483647;
			files = (
				6026B823202C036900E586AB /* preuseUITests.swift in Sources */,
			);
			runOnlyForDeploymentPostprocessing = 0;
		};
/* End PBXSourcesBuildPhase section */

/* Begin PBXTargetDependency section */
		6026B815202C036900E586AB /* PBXTargetDependency */ = {
			isa = PBXTargetDependency;
			target = 6026B7FE202C036900E586AB /* preuse */;
			targetProxy = 6026B814202C036900E586AB /* PBXContainerItemProxy */;
		};
		6026B820202C036900E586AB /* PBXTargetDependency */ = {
			isa = PBXTargetDependency;
			target = 6026B7FE202C036900E586AB /* preuse */;
			targetProxy = 6026B81F202C036900E586AB /* PBXContainerItemProxy */;
		};
/* End PBXTargetDependency section */

/* Begin XCBuildConfiguration section */
		6026B825202C036900E586AB /* Debug */ = {
			isa = XCBuildConfiguration;
			buildSettings = {
				ALWAYS_SEARCH_USER_PATHS = NO;
				CLANG_ANALYZER_NONNULL = YES;
				CLANG_ANALYZER_NUMBER_OBJECT_CONVERSION = YES_AGGRESSIVE;
				CLANG_CXX_LANGUAGE_STANDARD = "gnu++14";
				CLANG_CXX_LIBRARY = "libc++";
				CLANG_ENABLE_MODULES = YES;
				CLANG_ENABLE_OBJC_ARC = YES;
				CLANG_WARN_BLOCK_CAPTURE_AUTORELEASING = YES;
				CLANG_WARN_BOOL_CONVERSION = YES;
				CLANG_WARN_COMMA = YES;
				CLANG_WARN_CONSTANT_CONVERSION = YES;
				CLANG_WARN_DIRECT_OBJC_ISA_USAGE = YES_ERROR;
				CLANG_WARN_DOCUMENTATION_COMMENTS = YES;
				CLANG_WARN_EMPTY_BODY = YES;
				CLANG_WARN_ENUM_CONVERSION = YES;
				CLANG_WARN_INFINITE_RECURSION = YES;
				CLANG_WARN_INT_CONVERSION = YES;
				CLANG_WARN_NON_LITERAL_NULL_CONVERSION = YES;
				CLANG_WARN_OBJC_LITERAL_CONVERSION = YES;
				CLANG_WARN_OBJC_ROOT_CLASS = YES_ERROR;
				CLANG_WARN_RANGE_LOOP_ANALYSIS = YES;
				CLANG_WARN_STRICT_PROTOTYPES = YES;
				CLANG_WARN_SUSPICIOUS_MOVE = YES;
				CLANG_WARN_UNGUARDED_AVAILABILITY = YES_AGGRESSIVE;
				CLANG_WARN_UNREACHABLE_CODE = YES;
				CLANG_WARN__DUPLICATE_METHOD_MATCH = YES;
				CODE_SIGN_IDENTITY = "iPhone Developer";
				COPY_PHASE_STRIP = NO;
				DEBUG_INFORMATION_FORMAT = dwarf;
				ENABLE_STRICT_OBJC_MSGSEND = YES;
				ENABLE_TESTABILITY = YES;
				GCC_C_LANGUAGE_STANDARD = gnu11;
				GCC_DYNAMIC_NO_PIC = NO;
				GCC_NO_COMMON_BLOCKS = YES;
				GCC_OPTIMIZATION_LEVEL = 0;
				GCC_PREPROCESSOR_DEFINITIONS = (
					"DEBUG=1",
					"$(inherited)",
				);
				GCC_WARN_64_TO_32_BIT_CONVERSION = YES;
				GCC_WARN_ABOUT_RETURN_TYPE = YES_ERROR;
				GCC_WARN_UNDECLARED_SELECTOR = YES;
				GCC_WARN_UNINITIALIZED_AUTOS = YES_AGGRESSIVE;
				GCC_WARN_UNUSED_FUNCTION = YES;
				GCC_WARN_UNUSED_VARIABLE = YES;
				IPHONEOS_DEPLOYMENT_TARGET = 11.2;
				MTL_ENABLE_DEBUG_INFO = YES;
				ONLY_ACTIVE_ARCH = YES;
				SDKROOT = iphoneos;
				SWIFT_ACTIVE_COMPILATION_CONDITIONS = DEBUG;
				SWIFT_OPTIMIZATION_LEVEL = "-Onone";
			};
			name = Debug;
		};
		6026B826202C036900E586AB /* Release */ = {
			isa = XCBuildConfiguration;
			buildSettings = {
				ALWAYS_SEARCH_USER_PATHS = NO;
				CLANG_ANALYZER_NONNULL = YES;
				CLANG_ANALYZER_NUMBER_OBJECT_CONVERSION = YES_AGGRESSIVE;
				CLANG_CXX_LANGUAGE_STANDARD = "gnu++14";
				CLANG_CXX_LIBRARY = "libc++";
				CLANG_ENABLE_MODULES = YES;
				CLANG_ENABLE_OBJC_ARC = YES;
				CLANG_WARN_BLOCK_CAPTURE_AUTORELEASING = YES;
				CLANG_WARN_BOOL_CONVERSION = YES;
				CLANG_WARN_COMMA = YES;
				CLANG_WARN_CONSTANT_CONVERSION = YES;
				CLANG_WARN_DIRECT_OBJC_ISA_USAGE = YES_ERROR;
				CLANG_WARN_DOCUMENTATION_COMMENTS = YES;
				CLANG_WARN_EMPTY_BODY = YES;
				CLANG_WARN_ENUM_CONVERSION = YES;
				CLANG_WARN_INFINITE_RECURSION = YES;
				CLANG_WARN_INT_CONVERSION = YES;
				CLANG_WARN_NON_LITERAL_NULL_CONVERSION = YES;
				CLANG_WARN_OBJC_LITERAL_CONVERSION = YES;
				CLANG_WARN_OBJC_ROOT_CLASS = YES_ERROR;
				CLANG_WARN_RANGE_LOOP_ANALYSIS = YES;
				CLANG_WARN_STRICT_PROTOTYPES = YES;
				CLANG_WARN_SUSPICIOUS_MOVE = YES;
				CLANG_WARN_UNGUARDED_AVAILABILITY = YES_AGGRESSIVE;
				CLANG_WARN_UNREACHABLE_CODE = YES;
				CLANG_WARN__DUPLICATE_METHOD_MATCH = YES;
				CODE_SIGN_IDENTITY = "iPhone Developer";
				COPY_PHASE_STRIP = NO;
				DEBUG_INFORMATION_FORMAT = "dwarf-with-dsym";
				ENABLE_NS_ASSERTIONS = NO;
				ENABLE_STRICT_OBJC_MSGSEND = YES;
				GCC_C_LANGUAGE_STANDARD = gnu11;
				GCC_NO_COMMON_BLOCKS = YES;
				GCC_WARN_64_TO_32_BIT_CONVERSION = YES;
				GCC_WARN_ABOUT_RETURN_TYPE = YES_ERROR;
				GCC_WARN_UNDECLARED_SELECTOR = YES;
				GCC_WARN_UNINITIALIZED_AUTOS = YES_AGGRESSIVE;
				GCC_WARN_UNUSED_FUNCTION = YES;
				GCC_WARN_UNUSED_VARIABLE = YES;
				IPHONEOS_DEPLOYMENT_TARGET = 11.2;
				MTL_ENABLE_DEBUG_INFO = NO;
				SDKROOT = iphoneos;
				SWIFT_OPTIMIZATION_LEVEL = "-Owholemodule";
				VALIDATE_PRODUCT = YES;
			};
			name = Release;
		};
		6026B828202C036900E586AB /* Debug */ = {
			isa = XCBuildConfiguration;
			baseConfigurationReference = 70C6911664FB94BA3822F79F /* Pods-preuse.debug.xcconfig */;
			buildSettings = {
				ASSETCATALOG_COMPILER_APPICON_NAME = AppIcon;
				ASSETCATALOG_COMPILER_LAUNCHIMAGE_NAME = LaunchImage;
				CODE_SIGN_STYLE = Automatic;
				INFOPLIST_FILE = "$(SRCROOT)/preuse/main/Info.plist";
				LD_RUNPATH_SEARCH_PATHS = "$(inherited) @executable_path/Frameworks";
				PRODUCT_BUNDLE_IDENTIFIER = com.myview.preuse;
				PRODUCT_NAME = "$(TARGET_NAME)";
				SWIFT_OBJC_BRIDGING_HEADER = /Users/hyz/Desktop/preuse/preuse/others/OBJCHeader.h;
				SWIFT_VERSION = 4.0;
				TARGETED_DEVICE_FAMILY = "1,2";
			};
			name = Debug;
		};
		6026B829202C036900E586AB /* Release */ = {
			isa = XCBuildConfiguration;
			baseConfigurationReference = 694A38AAB1703B59337C358F /* Pods-preuse.release.xcconfig */;
			buildSettings = {
				ASSETCATALOG_COMPILER_APPICON_NAME = AppIcon;
				ASSETCATALOG_COMPILER_LAUNCHIMAGE_NAME = LaunchImage;
				CODE_SIGN_STYLE = Automatic;
				INFOPLIST_FILE = "$(SRCROOT)/preuse/main/Info.plist";
				LD_RUNPATH_SEARCH_PATHS = "$(inherited) @executable_path/Frameworks";
				PRODUCT_BUNDLE_IDENTIFIER = com.myview.preuse;
				PRODUCT_NAME = "$(TARGET_NAME)";
				SWIFT_OBJC_BRIDGING_HEADER = /Users/hyz/Desktop/preuse/preuse/others/OBJCHeader.h;
				SWIFT_VERSION = 4.0;
				TARGETED_DEVICE_FAMILY = "1,2";
			};
			name = Release;
		};
		6026B82B202C036900E586AB /* Debug */ = {
			isa = XCBuildConfiguration;
			buildSettings = {
				ALWAYS_EMBED_SWIFT_STANDARD_LIBRARIES = YES;
				BUNDLE_LOADER = "$(TEST_HOST)";
				CODE_SIGN_STYLE = Automatic;
				INFOPLIST_FILE = preuseTests/Info.plist;
				LD_RUNPATH_SEARCH_PATHS = "$(inherited) @executable_path/Frameworks @loader_path/Frameworks";
				PRODUCT_BUNDLE_IDENTIFIER = com.self.learn.Project.preuseTests;
				PRODUCT_NAME = "$(TARGET_NAME)";
				SWIFT_VERSION = 4.0;
				TARGETED_DEVICE_FAMILY = "1,2";
				TEST_HOST = "$(BUILT_PRODUCTS_DIR)/preuse.app/preuse";
			};
			name = Debug;
		};
		6026B82C202C036900E586AB /* Release */ = {
			isa = XCBuildConfiguration;
			buildSettings = {
				ALWAYS_EMBED_SWIFT_STANDARD_LIBRARIES = YES;
				BUNDLE_LOADER = "$(TEST_HOST)";
				CODE_SIGN_STYLE = Automatic;
				INFOPLIST_FILE = preuseTests/Info.plist;
				LD_RUNPATH_SEARCH_PATHS = "$(inherited) @executable_path/Frameworks @loader_path/Frameworks";
				PRODUCT_BUNDLE_IDENTIFIER = com.self.learn.Project.preuseTests;
				PRODUCT_NAME = "$(TARGET_NAME)";
				SWIFT_VERSION = 4.0;
				TARGETED_DEVICE_FAMILY = "1,2";
				TEST_HOST = "$(BUILT_PRODUCTS_DIR)/preuse.app/preuse";
			};
			name = Release;
		};
		6026B82E202C036900E586AB /* Debug */ = {
			isa = XCBuildConfiguration;
			buildSettings = {
				ALWAYS_EMBED_SWIFT_STANDARD_LIBRARIES = YES;
				CODE_SIGN_STYLE = Automatic;
				INFOPLIST_FILE = preuseUITests/Info.plist;
				LD_RUNPATH_SEARCH_PATHS = "$(inherited) @executable_path/Frameworks @loader_path/Frameworks";
				PRODUCT_BUNDLE_IDENTIFIER = com.self.learn.Project.preuseUITests;
				PRODUCT_NAME = "$(TARGET_NAME)";
				SWIFT_VERSION = 4.0;
				TARGETED_DEVICE_FAMILY = "1,2";
				TEST_TARGET_NAME = preuse;
			};
			name = Debug;
		};
		6026B82F202C036900E586AB /* Release */ = {
			isa = XCBuildConfiguration;
			buildSettings = {
				ALWAYS_EMBED_SWIFT_STANDARD_LIBRARIES = YES;
				CODE_SIGN_STYLE = Automatic;
				INFOPLIST_FILE = preuseUITests/Info.plist;
				LD_RUNPATH_SEARCH_PATHS = "$(inherited) @executable_path/Frameworks @loader_path/Frameworks";
				PRODUCT_BUNDLE_IDENTIFIER = com.self.learn.Project.preuseUITests;
				PRODUCT_NAME = "$(TARGET_NAME)";
				SWIFT_VERSION = 4.0;
				TARGETED_DEVICE_FAMILY = "1,2";
				TEST_TARGET_NAME = preuse;
			};
			name = Release;
		};
/* End XCBuildConfiguration section */

/* Begin XCConfigurationList section */
		6026B7FA202C036900E586AB /* Build configuration list for PBXProject "preuse" */ = {
			isa = XCConfigurationList;
			buildConfigurations = (
				6026B825202C036900E586AB /* Debug */,
				6026B826202C036900E586AB /* Release */,
			);
			defaultConfigurationIsVisible = 0;
			defaultConfigurationName = Release;
		};
		6026B827202C036900E586AB /* Build configuration list for PBXNativeTarget "preuse" */ = {
			isa = XCConfigurationList;
			buildConfigurations = (
				6026B828202C036900E586AB /* Debug */,
				6026B829202C036900E586AB /* Release */,
			);
			defaultConfigurationIsVisible = 0;
			defaultConfigurationName = Release;
		};
		6026B82A202C036900E586AB /* Build configuration list for PBXNativeTarget "preuseTests" */ = {
			isa = XCConfigurationList;
			buildConfigurations = (
				6026B82B202C036900E586AB /* Debug */,
				6026B82C202C036900E586AB /* Release */,
			);
			defaultConfigurationIsVisible = 0;
			defaultConfigurationName = Release;
		};
		6026B82D202C036900E586AB /* Build configuration list for PBXNativeTarget "preuseUITests" */ = {
			isa = XCConfigurationList;
			buildConfigurations = (
				6026B82E202C036900E586AB /* Debug */,
				6026B82F202C036900E586AB /* Release */,
			);
			defaultConfigurationIsVisible = 0;
			defaultConfigurationName = Release;
		};
/* End XCConfigurationList section */
	};
	rootObject = 6026B7F7202C036900E586AB /* Project object */;
}
